Microsoft Visual Studio Solution File, Format Version 12.00
# Visual Studio Version 16
VisualStudioVersion = 16.0.29418.71
MinimumVisualStudioVersion = 10.0.40219.1
Project("{FAE04EC0-301F-11D3-BF4B-00C04F79EFBC}") = "WpfTestCases", "WpfTestCases\WpfTestCases.csproj", "{57D60B3F-6795-4764-97F9-A80D593C174B}"
EndProject
Project("{FAE04EC0-301F-11D3-BF4B-00C04F79EFBC}") = "Calculator", "Calculator\Calculator.csproj", "{5E1AA84F-5E59-46CD-A4DD-4703AFD724A1}"
EndProject
Project("{FAE04EC0-301F-11D3-BF4B-00C04F79EFBC}") = "RundButton", "Rundbutton\WpfApp1\RundButton.csproj", "{C173FF8B-D12A-49F2-BE8F-B4E06D3CA24D}"
EndProject
Project("{FAE04EC0-301F-11D3-BF4B-00C04F79EFBC}") = "DasDataGrid", "DataGridAutoColumns\DasDataGrid.csproj", "{2C2807D4-8FC0-4A09-9F1B-8446C5062E15}"
EndProject
Project("{FAE04EC0-301F-11D3-BF4B-00C04F79EFBC}") = "ProcessEnded", "Temp\ProcessEnded.csproj", "{0FC2A66A-6EE5-40B6-B790-FD5CD8DDA98C}"
EndProject
Project("{FAE04EC0-301F-11D3-BF4B-00C04F79EFBC}") = "Sample_INotifyPropertyChanged", "Sample_INotifyPropertyChanged\Sample_INotifyPropertyChanged.csproj", "{4AB1FE6F-5467-4158-B8DB-F14361928F1B}"
EndProject
Project("{FAE04EC0-301F-11D3-BF4B-00C04F79EFBC}") = "Expander", "Extender\Expander.csproj", "{11C6780D-5A1C-4A84-B816-3791E268B01B}"
EndProject
Project("{FAE04EC0-301F-11D3-BF4B-00C04F79EFBC}") = "Listbox1", "Listbox mit Grafik\Listbox1.csproj", "{51D5F227-8F87-4E7B-A4E9-A49C75685AC5}"
EndProject
Project("{FAE04EC0-301F-11D3-BF4B-00C04F79EFBC}") = "TabControl", "TabControl\TabControl.csproj", "{33A3BFF0-4ED7-4383-941A-ED85D93361B3}"
EndProject
Project("{FAE04EC0-301F-11D3-BF4B-00C04F79EFBC}") = "LinearGradientBrush", "LinearGradientBrush\LinearGradientBrush.csproj", "{7CC3C6FE-C5FF-4EC0-9DF6-AAD69E894C74}"
EndProject
Project("{FAE04EC0-301F-11D3-BF4B-00C04F79EFBC}") = "ObservableCollection", "ObservableCollection\ObservableCollection.csproj", "{85E38209-D646-4052-AA91-407BC54997D8}"
EndProject
Project("{2150E333-8FDC-42A3-9474-1A3956D46DE8}") = "Audio", "Audio", "{415B52F2-5ABD-43DE-B27B-DE57784E5398}"
EndProject
Project("{2150E333-8FDC-42A3-9474-1A3956D46DE8}") = "Controls", "Controls", "{CDD6EB46-A0C6-44A5-89F9-CE51D1AD58F7}"
EndProject
Project("{2150E333-8FDC-42A3-9474-1A3956D46DE8}") = "Graphic", "Graphic", "{776DAE37-89A2-450D-AEFE-ED5F6F373F04}"
EndProject
Project("{FAE04EC0-301F-11D3-BF4B-00C04F79EFBC}") = "Commands", "Controls\Commands\Commands.csproj", "{7414D9CE-75FD-42F4-9603-9A50BFBCF4DA}"
EndProject
Project("{FAE04EC0-301F-11D3-BF4B-00C04F79EFBC}") = "TextBox", "Controls\TextBox\TextBox.csproj", "{E743AD21-A825-4BE3-BE38-286B065A3797}"
EndProject
Project("{FAE04EC0-301F-11D3-BF4B-00C04F79EFBC}") = "Rectangel", "Graphic\Rectangel\Rectangel.csproj", "{086C1069-6771-4AE1-99E6-70614DC41D6A}"
EndProject
Project("{FAE04EC0-301F-11D3-BF4B-00C04F79EFBC}") = "Button", "Controls\Button\Button.csproj", "{835F0E63-7E3E-4203-9349-651BF541254D}"
EndProject
Project("{FAE04EC0-301F-11D3-BF4B-00C04F79EFBC}") = "Combobox", "Combobox\Combobox.csproj", "{C66CD57E-214C-42B7-8CEC-D75FDD03237E}"
EndProject
Project("{FAE04EC0-301F-11D3-BF4B-00C04F79EFBC}") = "UsingCollectionBase", "UsingCollectionBase\UsingCollectionBase.csproj", "{72566892-218D-4A6C-85DC-BF35636A20DC}"
EndProject
Project("{FAE04EC0-301F-11D3-BF4B-00C04F79EFBC}") = "LINQ Samples", "LINQ Samples\LINQ Samples.csproj", "{0A75445E-F2DD-474C-B8AB-32A687375A66}"
EndProject
Project("{FAE04EC0-301F-11D3-BF4B-00C04F79EFBC}") = "ValidationExample", "WpfValidationExample\WpfValidationExample\ValidationExample.csproj", "{8E59C9E5-655E-439F-A98A-2AF8C9B5565C}"
EndProject
Project("{FAE04EC0-301F-11D3-BF4B-00C04F79EFBC}") = "Triggers", "Triggers\Triggers.csproj", "{497B06CA-93A7-42F6-9299-6261D3A7B4E5}"
EndProject
Project("{FAE04EC0-301F-11D3-BF4B-00C04F79EFBC}") = "NestedDockpanel", "Controls\Panels\NestedDockpanel.csproj", "{A7E8EA16-DBF1-4462-BEB8-6B807B7BE40D}"
EndProject
Project("{FAE04EC0-301F-11D3-BF4B-00C04F79EFBC}") = "DatePickerControl", "DatePickerControl\DatePickerControl.csproj", "{C6108B9B-74C9-4372-8D65-694F65E96320}"
EndProject
Project("{2150E333-8FDC-42A3-9474-1A3956D46DE8}") = "JSON", "JSON", "{FFCB4DF8-13B6-4C3E-8393-00C755B6E210}"
EndProject
Project("{FAE04EC0-301F-11D3-BF4B-00C04F79EFBC}") = "RenameLog", "JSON\RenameLog\RenameLog.csproj", "{A51F87C9-884D-4286-8728-FE5E373FA701}"
EndProject
Project("{2150E333-8FDC-42A3-9474-1A3956D46DE8}") = "XML", "XML", "{C901CE94-9C34-4759-9A13-99E8F4C0B031}"
EndProject
Project("{FAE04EC0-301F-11D3-BF4B-00C04F79EFBC}") = "RenamerLog", "XML\RenamerLog\RenamerLog.csproj", "{21016CF6-D7C6-484D-8474-45CC18050047}"
EndProject
Project("{FAE04EC0-301F-11D3-BF4B-00C04F79EFBC}") = "Dialogs", "Controls\Dialoges\Dialogs.csproj", "{059B74F9-3D0B-4AB0-8B85-1768298B6896}"
EndProject
Project("{FAE04EC0-301F-11D3-BF4B-00C04F79EFBC}") = "NewDoc", "XML\NewDoc\NewDoc.csproj", "{693BC30E-7AE5-41B1-8DEA-6448265FB47A}"
EndProject
Project("{FAE04EC0-301F-11D3-BF4B-00C04F79EFBC}") = "AppendDoc", "XML\AppendCoc\AppendDoc.csproj", "{8C2CD0EE-49DB-4779-8208-14878C228D09}"
EndProject
Project("{2150E333-8FDC-42A3-9474-1A3956D46DE8}") = "Forms", "Forms", "{1179EE0D-49C1-4D58-A111-40EC049EBAE5}"
EndProject
Project("{FAE04EC0-301F-11D3-BF4B-00C04F79EFBC}") = "NiceDesign", "Forms\NiceDesign\NiceDesign.csproj", "{D5F870C3-48EB-4E6D-A908-955556F236C6}"
EndProject
Project("{FAE04EC0-301F-11D3-BF4B-00C04F79EFBC}") = "Button2", "Controls\Button2\Button2.csproj", "{EAD4E3D9-B827-4871-8C94-22672892BCA3}"
EndProject
Project("{FAE04EC0-301F-11D3-BF4B-00C04F79EFBC}") = "Using Styles", "Forms\Using Styles\Using Styles.csproj", "{DE2B89B7-B7A4-443F-98C1-B2136DF54F34}"
EndProject
Project("{FAE04EC0-301F-11D3-BF4B-00C04F79EFBC}") = "Dashboard", "Forms\Dashboard\Dashboard.csproj", "{14E116E5-3DF4-4A7F-B262-EF845E2B5E51}"
EndProject
Project("{FAE04EC0-301F-11D3-BF4B-00C04F79EFBC}") = "Custom Input", "Forms\Custom Input\Custom Input.csproj", "{011C9929-E40E-4E6C-919A-3C62382A8A6A}"
EndProject
Project("{9A19103F-16F7-4668-BE54-9A1E7A4F7556}") = "Nice Header", "Forms\Nice Header\Nice Header.csproj", "{38D30FF8-55D8-4C8D-9094-701BA0A2338B}"
EndProject
Project("{FAE04EC0-301F-11D3-BF4B-00C04F79EFBC}") = "DragDrop", "Controls\DragDrop\DragDrop.csproj", "{E94AD573-074E-4B23-890E-A40B8FA5FCDE}"
EndProject
Project("{FAE04EC0-301F-11D3-BF4B-00C04F79EFBC}") = "DockPanel1", "Controls\DockPanel1\DockPanel1.csproj", "{429C739A-F59C-4B2D-8695-302929A032EE}"
EndProject
Project("{FAE04EC0-301F-11D3-BF4B-00C04F79EFBC}") = "DockPanel2", "Controls\DockPanel2\DockPanel2.csproj", "{4E4E5656-7119-4564-AF60-DA40BE3C947E}"
EndProject
Project("{FAE04EC0-301F-11D3-BF4B-00C04F79EFBC}") = "Shapes", "Controls\Shapes\Shapes.csproj", "{76DA29E6-0CB6-4DA4-9C4F-57346E36FC62}"
EndProject
Project("{9A19103F-16F7-4668-BE54-9A1E7A4F7556}") = "(De) Serialize", "XML\(De) Serialize\(De) Serialize.csproj", "{ECD96804-CD78-468E-BC13-576FFAC6B514}"
EndProject
Project("{FAE04EC0-301F-11D3-BF4B-00C04F79EFBC}") = "ProfMenu", "Controls\Menus\ProfMenu.csproj", "{3CF349F1-8952-4B7B-9962-2BAA43BF7799}"
EndProject
Project("{9A19103F-16F7-4668-BE54-9A1E7A4F7556}") = "CRUD Examples", "JSON\CRUD Examples\CRUD Examples.csproj", "{5DFFBC55-C4F0-4FC2-85F0-ACEF81435DB5}"
EndProject
Project("{9A19103F-16F7-4668-BE54-9A1E7A4F7556}") = "Dialog Interaction", "Forms\Dialog Interaction\Dialog Interaction.csproj", "{5C2BD224-78ED-4B5C-A795-865C29B0A3C3}"
EndProject
Project("{9A19103F-16F7-4668-BE54-9A1E7A4F7556}") = "Dependency Properties", "Dependency Properties\Dependency Properties.csproj", "{4C83B149-7F87-4D10-87DA-D0CE9549A403}"
EndProject
Project("{9A19103F-16F7-4668-BE54-9A1E7A4F7556}") = "Databinding", "Databinding\Databinding.csproj", "{93D126F0-41E3-47A7-8D63-E1F80FEF9715}"
EndProject
Project("{9A19103F-16F7-4668-BE54-9A1E7A4F7556}") = "ReadXML", "XML\ReadXML\ReadXML.csproj", "{1ECA24B7-57C1-46BA-9C2A-C079E5B365E5}"
EndProject
Project("{2150E333-8FDC-42A3-9474-1A3956D46DE8}") = "Menus", "Menus", "{684FB84E-9765-4FC7-B547-57826D284838}"
EndProject
Project("{9A19103F-16F7-4668-BE54-9A1E7A4F7556}") = "FontMenu", "Controls\FontMenu\FontMenu.csproj", "{F802A363-EAB4-49AC-916D-79014D08CB53}"
EndProject
Project("{9A19103F-16F7-4668-BE54-9A1E7A4F7556}") = "ColorMenu", "ColorMenu\ColorMenu.csproj", "{7852EE65-BCBD-4882-B552-2A187050EF8D}"
EndProject
Project("{9A19103F-16F7-4668-BE54-9A1E7A4F7556}") = "ReadFromWeb", "JSON\ReadFromWeb\ReadFromWeb.csproj", "{CDADCB3F-6B36-4F5A-AAA1-CB65F2AE0274}"
EndProject
Project("{FAE04EC0-301F-11D3-BF4B-00C04F79EFBC}") = "WPF Media Player", "Audio\WPF Media Player\WPF Media Player.csproj", "{08ABCC7C-0667-45D0-98B1-87B0505CC9ED}"
EndProject
Project("{2150E333-8FDC-42A3-9474-1A3956D46DE8}") = "Data", "Data", "{A1290140-D7C8-4A1C-82EF-AC3BE67C0F73}"
EndProject
Project("{9A19103F-16F7-4668-BE54-9A1E7A4F7556}") = "DapperSample", "Dapper\DapperSample.csproj", "{AEA4F545-303B-49D4-B004-D35A89ACA1E0}"
EndProject
Project("{FAE04EC0-301F-11D3-BF4B-00C04F79EFBC}") = "WPF Mediaplayer Dapper", "Audio\WPF Mediaplayer Dapper\WPF Mediaplayer Dapper.csproj", "{83A09AA8-B380-4330-B40D-3DAE8F7CF662}"
EndProject
Project("{FAE04EC0-301F-11D3-BF4B-00C04F79EFBC}") = "WPF Mediaplayer Dapper with PSV", "Audio\WPF Mediaplayer Dapper with PSV\WPF Mediaplayer Dapper with PSV.csproj", "{AB50F78D-93A5-4B4A-A9AF-1FBBFAE7293F}"
EndProject
Project("{FAE04EC0-301F-11D3-BF4B-00C04F79EFBC}") = "Statusbar", "Controls\Statusbar\Statusbar.csproj", "{DD9A6B16-E90F-401B-9CA3-3490BBF55145}"
EndProject
Project("{FAE04EC0-301F-11D3-BF4B-00C04F79EFBC}") = "Listbox2", "Controls\Listbox2\Listbox2.csproj", "{968C109D-1E80-45AF-9B15-B452910F6CA6}"
EndProject
Project("{FAE04EC0-301F-11D3-BF4B-00C04F79EFBC}") = "Ellypse", "Graphic\Ellypse\Ellypse.csproj", "{81F83F7A-B443-469E-819D-421D6646168B}"
EndProject
Project("{FAE04EC0-301F-11D3-BF4B-00C04F79EFBC}") = "Datagrid_2", "Controls\Datagrid_2\Datagrid_2.csproj", "{0985D4DA-2393-4800-96E8-AA4AA245A919}"
EndProject
Global
	GlobalSection(SolutionConfigurationPlatforms) = preSolution
		Debug|Any CPU = Debug|Any CPU
		Debug|x86 = Debug|x86
		Release|Any CPU = Release|Any CPU
		Release|x86 = Release|x86
	EndGlobalSection
	GlobalSection(ProjectConfigurationPlatforms) = postSolution
		{57D60B3F-6795-4764-97F9-A80D593C174B}.Debug|Any CPU.ActiveCfg = Debug|Any CPU
		{57D60B3F-6795-4764-97F9-A80D593C174B}.Debug|Any CPU.Build.0 = Debug|Any CPU
		{57D60B3F-6795-4764-97F9-A80D593C174B}.Debug|x86.ActiveCfg = Debug|Any CPU
		{57D60B3F-6795-4764-97F9-A80D593C174B}.Debug|x86.Build.0 = Debug|Any CPU
		{57D60B3F-6795-4764-97F9-A80D593C174B}.Release|Any CPU.ActiveCfg = Release|Any CPU
		{57D60B3F-6795-4764-97F9-A80D593C174B}.Release|Any CPU.Build.0 = Release|Any CPU
		{57D60B3F-6795-4764-97F9-A80D593C174B}.Release|x86.ActiveCfg = Release|Any CPU
		{57D60B3F-6795-4764-97F9-A80D593C174B}.Release|x86.Build.0 = Release|Any CPU
		{5E1AA84F-5E59-46CD-A4DD-4703AFD724A1}.Debug|Any CPU.ActiveCfg = Debug|Any CPU
		{5E1AA84F-5E59-46CD-A4DD-4703AFD724A1}.Debug|Any CPU.Build.0 = Debug|Any CPU
		{5E1AA84F-5E59-46CD-A4DD-4703AFD724A1}.Debug|x86.ActiveCfg = Debug|Any CPU
		{5E1AA84F-5E59-46CD-A4DD-4703AFD724A1}.Debug|x86.Build.0 = Debug|Any CPU
		{5E1AA84F-5E59-46CD-A4DD-4703AFD724A1}.Release|Any CPU.ActiveCfg = Release|Any CPU
		{5E1AA84F-5E59-46CD-A4DD-4703AFD724A1}.Release|Any CPU.Build.0 = Release|Any CPU
		{5E1AA84F-5E59-46CD-A4DD-4703AFD724A1}.Release|x86.ActiveCfg = Release|Any CPU
		{5E1AA84F-5E59-46CD-A4DD-4703AFD724A1}.Release|x86.Build.0 = Release|Any CPU
		{C173FF8B-D12A-49F2-BE8F-B4E06D3CA24D}.Debug|Any CPU.ActiveCfg = Debug|Any CPU
		{C173FF8B-D12A-49F2-BE8F-B4E06D3CA24D}.Debug|Any CPU.Build.0 = Debug|Any CPU
		{C173FF8B-D12A-49F2-BE8F-B4E06D3CA24D}.Debug|x86.ActiveCfg = Debug|Any CPU
		{C173FF8B-D12A-49F2-BE8F-B4E06D3CA24D}.Debug|x86.Build.0 = Debug|Any CPU
		{C173FF8B-D12A-49F2-BE8F-B4E06D3CA24D}.Release|Any CPU.ActiveCfg = Release|Any CPU
		{C173FF8B-D12A-49F2-BE8F-B4E06D3CA24D}.Release|Any CPU.Build.0 = Release|Any CPU
		{C173FF8B-D12A-49F2-BE8F-B4E06D3CA24D}.Release|x86.ActiveCfg = Release|Any CPU
		{C173FF8B-D12A-49F2-BE8F-B4E06D3CA24D}.Release|x86.Build.0 = Release|Any CPU
		{2C2807D4-8FC0-4A09-9F1B-8446C5062E15}.Debug|Any CPU.ActiveCfg = Debug|x86
		{2C2807D4-8FC0-4A09-9F1B-8446C5062E15}.Debug|x86.ActiveCfg = Debug|x86
		{2C2807D4-8FC0-4A09-9F1B-8446C5062E15}.Debug|x86.Build.0 = Debug|x86
		{2C2807D4-8FC0-4A09-9F1B-8446C5062E15}.Release|Any CPU.ActiveCfg = Release|x86
		{2C2807D4-8FC0-4A09-9F1B-8446C5062E15}.Release|x86.ActiveCfg = Release|x86
		{2C2807D4-8FC0-4A09-9F1B-8446C5062E15}.Release|x86.Build.0 = Release|x86
		{0FC2A66A-6EE5-40B6-B790-FD5CD8DDA98C}.Debug|Any CPU.ActiveCfg = Debug|Any CPU
		{0FC2A66A-6EE5-40B6-B790-FD5CD8DDA98C}.Debug|Any CPU.Build.0 = Debug|Any CPU
		{0FC2A66A-6EE5-40B6-B790-FD5CD8DDA98C}.Debug|x86.ActiveCfg = Debug|Any CPU
		{0FC2A66A-6EE5-40B6-B790-FD5CD8DDA98C}.Debug|x86.Build.0 = Debug|Any CPU
		{0FC2A66A-6EE5-40B6-B790-FD5CD8DDA98C}.Release|Any CPU.ActiveCfg = Release|Any CPU
		{0FC2A66A-6EE5-40B6-B790-FD5CD8DDA98C}.Release|Any CPU.Build.0 = Release|Any CPU
		{0FC2A66A-6EE5-40B6-B790-FD5CD8DDA98C}.Release|x86.ActiveCfg = Release|Any CPU
		{0FC2A66A-6EE5-40B6-B790-FD5CD8DDA98C}.Release|x86.Build.0 = Release|Any CPU
		{4AB1FE6F-5467-4158-B8DB-F14361928F1B}.Debug|Any CPU.ActiveCfg = Debug|Any CPU
		{4AB1FE6F-5467-4158-B8DB-F14361928F1B}.Debug|Any CPU.Build.0 = Debug|Any CPU
		{4AB1FE6F-5467-4158-B8DB-F14361928F1B}.Debug|x86.ActiveCfg = Debug|Any CPU
		{4AB1FE6F-5467-4158-B8DB-F14361928F1B}.Debug|x86.Build.0 = Debug|Any CPU
		{4AB1FE6F-5467-4158-B8DB-F14361928F1B}.Release|Any CPU.ActiveCfg = Release|Any CPU
		{4AB1FE6F-5467-4158-B8DB-F14361928F1B}.Release|Any CPU.Build.0 = Release|Any CPU
		{4AB1FE6F-5467-4158-B8DB-F14361928F1B}.Release|x86.ActiveCfg = Release|Any CPU
		{4AB1FE6F-5467-4158-B8DB-F14361928F1B}.Release|x86.Build.0 = Release|Any CPU
		{11C6780D-5A1C-4A84-B816-3791E268B01B}.Debug|Any CPU.ActiveCfg = Debug|Any CPU
		{11C6780D-5A1C-4A84-B816-3791E268B01B}.Debug|Any CPU.Build.0 = Debug|Any CPU
		{11C6780D-5A1C-4A84-B816-3791E268B01B}.Debug|x86.ActiveCfg = Debug|Any CPU
		{11C6780D-5A1C-4A84-B816-3791E268B01B}.Debug|x86.Build.0 = Debug|Any CPU
		{11C6780D-5A1C-4A84-B816-3791E268B01B}.Release|Any CPU.ActiveCfg = Release|Any CPU
		{11C6780D-5A1C-4A84-B816-3791E268B01B}.Release|Any CPU.Build.0 = Release|Any CPU
		{11C6780D-5A1C-4A84-B816-3791E268B01B}.Release|x86.ActiveCfg = Release|Any CPU
		{11C6780D-5A1C-4A84-B816-3791E268B01B}.Release|x86.Build.0 = Release|Any CPU
		{51D5F227-8F87-4E7B-A4E9-A49C75685AC5}.Debug|Any CPU.ActiveCfg = Debug|Any CPU
		{51D5F227-8F87-4E7B-A4E9-A49C75685AC5}.Debug|Any CPU.Build.0 = Debug|Any CPU
		{51D5F227-8F87-4E7B-A4E9-A49C75685AC5}.Debug|x86.ActiveCfg = Debug|Any CPU
		{51D5F227-8F87-4E7B-A4E9-A49C75685AC5}.Debug|x86.Build.0 = Debug|Any CPU
		{51D5F227-8F87-4E7B-A4E9-A49C75685AC5}.Release|Any CPU.ActiveCfg = Release|Any CPU
		{51D5F227-8F87-4E7B-A4E9-A49C75685AC5}.Release|Any CPU.Build.0 = Release|Any CPU
		{51D5F227-8F87-4E7B-A4E9-A49C75685AC5}.Release|x86.ActiveCfg = Release|Any CPU
		{51D5F227-8F87-4E7B-A4E9-A49C75685AC5}.Release|x86.Build.0 = Release|Any CPU
		{33A3BFF0-4ED7-4383-941A-ED85D93361B3}.Debug|Any CPU.ActiveCfg = Debug|Any CPU
		{33A3BFF0-4ED7-4383-941A-ED85D93361B3}.Debug|Any CPU.Build.0 = Debug|Any CPU
		{33A3BFF0-4ED7-4383-941A-ED85D93361B3}.Debug|x86.ActiveCfg = Debug|Any CPU
		{33A3BFF0-4ED7-4383-941A-ED85D93361B3}.Debug|x86.Build.0 = Debug|Any CPU
		{33A3BFF0-4ED7-4383-941A-ED85D93361B3}.Release|Any CPU.ActiveCfg = Release|Any CPU
		{33A3BFF0-4ED7-4383-941A-ED85D93361B3}.Release|Any CPU.Build.0 = Release|Any CPU
		{33A3BFF0-4ED7-4383-941A-ED85D93361B3}.Release|x86.ActiveCfg = Release|Any CPU
		{33A3BFF0-4ED7-4383-941A-ED85D93361B3}.Release|x86.Build.0 = Release|Any CPU
		{7CC3C6FE-C5FF-4EC0-9DF6-AAD69E894C74}.Debug|Any CPU.ActiveCfg = Debug|Any CPU
		{7CC3C6FE-C5FF-4EC0-9DF6-AAD69E894C74}.Debug|Any CPU.Build.0 = Debug|Any CPU
		{7CC3C6FE-C5FF-4EC0-9DF6-AAD69E894C74}.Debug|x86.ActiveCfg = Debug|Any CPU
		{7CC3C6FE-C5FF-4EC0-9DF6-AAD69E894C74}.Debug|x86.Build.0 = Debug|Any CPU
		{7CC3C6FE-C5FF-4EC0-9DF6-AAD69E894C74}.Release|Any CPU.ActiveCfg = Release|Any CPU
		{7CC3C6FE-C5FF-4EC0-9DF6-AAD69E894C74}.Release|Any CPU.Build.0 = Release|Any CPU
		{7CC3C6FE-C5FF-4EC0-9DF6-AAD69E894C74}.Release|x86.ActiveCfg = Release|Any CPU
		{7CC3C6FE-C5FF-4EC0-9DF6-AAD69E894C74}.Release|x86.Build.0 = Release|Any CPU
		{85E38209-D646-4052-AA91-407BC54997D8}.Debug|Any CPU.ActiveCfg = Debug|Any CPU
		{85E38209-D646-4052-AA91-407BC54997D8}.Debug|Any CPU.Build.0 = Debug|Any CPU
		{85E38209-D646-4052-AA91-407BC54997D8}.Debug|x86.ActiveCfg = Debug|Any CPU
		{85E38209-D646-4052-AA91-407BC54997D8}.Debug|x86.Build.0 = Debug|Any CPU
		{85E38209-D646-4052-AA91-407BC54997D8}.Release|Any CPU.ActiveCfg = Release|Any CPU
		{85E38209-D646-4052-AA91-407BC54997D8}.Release|Any CPU.Build.0 = Release|Any CPU
		{85E38209-D646-4052-AA91-407BC54997D8}.Release|x86.ActiveCfg = Release|Any CPU
		{85E38209-D646-4052-AA91-407BC54997D8}.Release|x86.Build.0 = Release|Any CPU
		{7414D9CE-75FD-42F4-9603-9A50BFBCF4DA}.Debug|Any CPU.ActiveCfg = Debug|Any CPU
		{7414D9CE-75FD-42F4-9603-9A50BFBCF4DA}.Debug|Any CPU.Build.0 = Debug|Any CPU
		{7414D9CE-75FD-42F4-9603-9A50BFBCF4DA}.Debug|x86.ActiveCfg = Debug|Any CPU
		{7414D9CE-75FD-42F4-9603-9A50BFBCF4DA}.Debug|x86.Build.0 = Debug|Any CPU
		{7414D9CE-75FD-42F4-9603-9A50BFBCF4DA}.Release|Any CPU.ActiveCfg = Release|Any CPU
		{7414D9CE-75FD-42F4-9603-9A50BFBCF4DA}.Release|Any CPU.Build.0 = Release|Any CPU
		{7414D9CE-75FD-42F4-9603-9A50BFBCF4DA}.Release|x86.ActiveCfg = Release|Any CPU
		{7414D9CE-75FD-42F4-9603-9A50BFBCF4DA}.Release|x86.Build.0 = Release|Any CPU
		{E743AD21-A825-4BE3-BE38-286B065A3797}.Debug|Any CPU.ActiveCfg = Debug|Any CPU
		{E743AD21-A825-4BE3-BE38-286B065A3797}.Debug|Any CPU.Build.0 = Debug|Any CPU
		{E743AD21-A825-4BE3-BE38-286B065A3797}.Debug|x86.ActiveCfg = Debug|Any CPU
		{E743AD21-A825-4BE3-BE38-286B065A3797}.Debug|x86.Build.0 = Debug|Any CPU
		{E743AD21-A825-4BE3-BE38-286B065A3797}.Release|Any CPU.ActiveCfg = Release|Any CPU
		{E743AD21-A825-4BE3-BE38-286B065A3797}.Release|Any CPU.Build.0 = Release|Any CPU
		{E743AD21-A825-4BE3-BE38-286B065A3797}.Release|x86.ActiveCfg = Release|Any CPU
		{E743AD21-A825-4BE3-BE38-286B065A3797}.Release|x86.Build.0 = Release|Any CPU
		{086C1069-6771-4AE1-99E6-70614DC41D6A}.Debug|Any CPU.ActiveCfg = Debug|Any CPU
		{086C1069-6771-4AE1-99E6-70614DC41D6A}.Debug|Any CPU.Build.0 = Debug|Any CPU
		{086C1069-6771-4AE1-99E6-70614DC41D6A}.Debug|x86.ActiveCfg = Debug|Any CPU
		{086C1069-6771-4AE1-99E6-70614DC41D6A}.Debug|x86.Build.0 = Debug|Any CPU
		{086C1069-6771-4AE1-99E6-70614DC41D6A}.Release|Any CPU.ActiveCfg = Release|Any CPU
		{086C1069-6771-4AE1-99E6-70614DC41D6A}.Release|Any CPU.Build.0 = Release|Any CPU
		{086C1069-6771-4AE1-99E6-70614DC41D6A}.Release|x86.ActiveCfg = Release|Any CPU
		{086C1069-6771-4AE1-99E6-70614DC41D6A}.Release|x86.Build.0 = Release|Any CPU
		{835F0E63-7E3E-4203-9349-651BF541254D}.Debug|Any CPU.ActiveCfg = Debug|Any CPU
		{835F0E63-7E3E-4203-9349-651BF541254D}.Debug|Any CPU.Build.0 = Debug|Any CPU
		{835F0E63-7E3E-4203-9349-651BF541254D}.Debug|x86.ActiveCfg = Debug|Any CPU
		{835F0E63-7E3E-4203-9349-651BF541254D}.Debug|x86.Build.0 = Debug|Any CPU
		{835F0E63-7E3E-4203-9349-651BF541254D}.Release|Any CPU.ActiveCfg = Release|Any CPU
		{835F0E63-7E3E-4203-9349-651BF541254D}.Release|Any CPU.Build.0 = Release|Any CPU
		{835F0E63-7E3E-4203-9349-651BF541254D}.Release|x86.ActiveCfg = Release|Any CPU
		{835F0E63-7E3E-4203-9349-651BF541254D}.Release|x86.Build.0 = Release|Any CPU
		{C66CD57E-214C-42B7-8CEC-D75FDD03237E}.Debug|Any CPU.ActiveCfg = Debug|Any CPU
		{C66CD57E-214C-42B7-8CEC-D75FDD03237E}.Debug|Any CPU.Build.0 = Debug|Any CPU
		{C66CD57E-214C-42B7-8CEC-D75FDD03237E}.Debug|x86.ActiveCfg = Debug|Any CPU
		{C66CD57E-214C-42B7-8CEC-D75FDD03237E}.Debug|x86.Build.0 = Debug|Any CPU
		{C66CD57E-214C-42B7-8CEC-D75FDD03237E}.Release|Any CPU.ActiveCfg = Release|Any CPU
		{C66CD57E-214C-42B7-8CEC-D75FDD03237E}.Release|Any CPU.Build.0 = Release|Any CPU
		{C66CD57E-214C-42B7-8CEC-D75FDD03237E}.Release|x86.ActiveCfg = Release|Any CPU
		{C66CD57E-214C-42B7-8CEC-D75FDD03237E}.Release|x86.Build.0 = Release|Any CPU
		{72566892-218D-4A6C-85DC-BF35636A20DC}.Debug|Any CPU.ActiveCfg = Debug|Any CPU
		{72566892-218D-4A6C-85DC-BF35636A20DC}.Debug|Any CPU.Build.0 = Debug|Any CPU
		{72566892-218D-4A6C-85DC-BF35636A20DC}.Debug|x86.ActiveCfg = Debug|Any CPU
		{72566892-218D-4A6C-85DC-BF35636A20DC}.Debug|x86.Build.0 = Debug|Any CPU
		{72566892-218D-4A6C-85DC-BF35636A20DC}.Release|Any CPU.ActiveCfg = Release|Any CPU
		{72566892-218D-4A6C-85DC-BF35636A20DC}.Release|Any CPU.Build.0 = Release|Any CPU
		{72566892-218D-4A6C-85DC-BF35636A20DC}.Release|x86.ActiveCfg = Release|Any CPU
		{72566892-218D-4A6C-85DC-BF35636A20DC}.Release|x86.Build.0 = Release|Any CPU
		{0A75445E-F2DD-474C-B8AB-32A687375A66}.Debug|Any CPU.ActiveCfg = Debug|Any CPU
		{0A75445E-F2DD-474C-B8AB-32A687375A66}.Debug|Any CPU.Build.0 = Debug|Any CPU
		{0A75445E-F2DD-474C-B8AB-32A687375A66}.Debug|x86.ActiveCfg = Debug|Any CPU
		{0A75445E-F2DD-474C-B8AB-32A687375A66}.Debug|x86.Build.0 = Debug|Any CPU
		{0A75445E-F2DD-474C-B8AB-32A687375A66}.Release|Any CPU.ActiveCfg = Release|Any CPU
		{0A75445E-F2DD-474C-B8AB-32A687375A66}.Release|Any CPU.Build.0 = Release|Any CPU
		{0A75445E-F2DD-474C-B8AB-32A687375A66}.Release|x86.ActiveCfg = Release|Any CPU
		{0A75445E-F2DD-474C-B8AB-32A687375A66}.Release|x86.Build.0 = Release|Any CPU
		{8E59C9E5-655E-439F-A98A-2AF8C9B5565C}.Debug|Any CPU.ActiveCfg = Debug|Any CPU
		{8E59C9E5-655E-439F-A98A-2AF8C9B5565C}.Debug|Any CPU.Build.0 = Debug|Any CPU
		{8E59C9E5-655E-439F-A98A-2AF8C9B5565C}.Debug|x86.ActiveCfg = Debug|Any CPU
		{8E59C9E5-655E-439F-A98A-2AF8C9B5565C}.Debug|x86.Build.0 = Debug|Any CPU
		{8E59C9E5-655E-439F-A98A-2AF8C9B5565C}.Release|Any CPU.ActiveCfg = Release|Any CPU
		{8E59C9E5-655E-439F-A98A-2AF8C9B5565C}.Release|Any CPU.Build.0 = Release|Any CPU
		{8E59C9E5-655E-439F-A98A-2AF8C9B5565C}.Release|x86.ActiveCfg = Release|Any CPU
		{8E59C9E5-655E-439F-A98A-2AF8C9B5565C}.Release|x86.Build.0 = Release|Any CPU
		{497B06CA-93A7-42F6-9299-6261D3A7B4E5}.Debug|Any CPU.ActiveCfg = Debug|Any CPU
		{497B06CA-93A7-42F6-9299-6261D3A7B4E5}.Debug|Any CPU.Build.0 = Debug|Any CPU
		{497B06CA-93A7-42F6-9299-6261D3A7B4E5}.Debug|x86.ActiveCfg = Debug|Any CPU
		{497B06CA-93A7-42F6-9299-6261D3A7B4E5}.Debug|x86.Build.0 = Debug|Any CPU
		{497B06CA-93A7-42F6-9299-6261D3A7B4E5}.Release|Any CPU.ActiveCfg = Release|Any CPU
		{497B06CA-93A7-42F6-9299-6261D3A7B4E5}.Release|Any CPU.Build.0 = Release|Any CPU
		{497B06CA-93A7-42F6-9299-6261D3A7B4E5}.Release|x86.ActiveCfg = Release|Any CPU
		{497B06CA-93A7-42F6-9299-6261D3A7B4E5}.Release|x86.Build.0 = Release|Any CPU
		{A7E8EA16-DBF1-4462-BEB8-6B807B7BE40D}.Debug|Any CPU.ActiveCfg = Debug|Any CPU
		{A7E8EA16-DBF1-4462-BEB8-6B807B7BE40D}.Debug|Any CPU.Build.0 = Debug|Any CPU
		{A7E8EA16-DBF1-4462-BEB8-6B807B7BE40D}.Debug|x86.ActiveCfg = Debug|Any CPU
		{A7E8EA16-DBF1-4462-BEB8-6B807B7BE40D}.Debug|x86.Build.0 = Debug|Any CPU
		{A7E8EA16-DBF1-4462-BEB8-6B807B7BE40D}.Release|Any CPU.ActiveCfg = Release|Any CPU
		{A7E8EA16-DBF1-4462-BEB8-6B807B7BE40D}.Release|Any CPU.Build.0 = Release|Any CPU
		{A7E8EA16-DBF1-4462-BEB8-6B807B7BE40D}.Release|x86.ActiveCfg = Release|Any CPU
		{A7E8EA16-DBF1-4462-BEB8-6B807B7BE40D}.Release|x86.Build.0 = Release|Any CPU
		{C6108B9B-74C9-4372-8D65-694F65E96320}.Debug|Any CPU.ActiveCfg = Debug|Any CPU
		{C6108B9B-74C9-4372-8D65-694F65E96320}.Debug|Any CPU.Build.0 = Debug|Any CPU
		{C6108B9B-74C9-4372-8D65-694F65E96320}.Debug|x86.ActiveCfg = Debug|Any CPU
		{C6108B9B-74C9-4372-8D65-694F65E96320}.Debug|x86.Build.0 = Debug|Any CPU
		{C6108B9B-74C9-4372-8D65-694F65E96320}.Release|Any CPU.ActiveCfg = Release|Any CPU
		{C6108B9B-74C9-4372-8D65-694F65E96320}.Release|Any CPU.Build.0 = Release|Any CPU
		{C6108B9B-74C9-4372-8D65-694F65E96320}.Release|x86.ActiveCfg = Release|Any CPU
		{C6108B9B-74C9-4372-8D65-694F65E96320}.Release|x86.Build.0 = Release|Any CPU
		{A51F87C9-884D-4286-8728-FE5E373FA701}.Debug|Any CPU.ActiveCfg = Debug|Any CPU
		{A51F87C9-884D-4286-8728-FE5E373FA701}.Debug|Any CPU.Build.0 = Debug|Any CPU
		{A51F87C9-884D-4286-8728-FE5E373FA701}.Debug|x86.ActiveCfg = Debug|Any CPU
		{A51F87C9-884D-4286-8728-FE5E373FA701}.Debug|x86.Build.0 = Debug|Any CPU
		{A51F87C9-884D-4286-8728-FE5E373FA701}.Release|Any CPU.ActiveCfg = Release|Any CPU
		{A51F87C9-884D-4286-8728-FE5E373FA701}.Release|Any CPU.Build.0 = Release|Any CPU
		{A51F87C9-884D-4286-8728-FE5E373FA701}.Release|x86.ActiveCfg = Release|Any CPU
		{A51F87C9-884D-4286-8728-FE5E373FA701}.Release|x86.Build.0 = Release|Any CPU
		{21016CF6-D7C6-484D-8474-45CC18050047}.Debug|Any CPU.ActiveCfg = Debug|Any CPU
		{21016CF6-D7C6-484D-8474-45CC18050047}.Debug|Any CPU.Build.0 = Debug|Any CPU
		{21016CF6-D7C6-484D-8474-45CC18050047}.Debug|x86.ActiveCfg = Debug|Any CPU
		{21016CF6-D7C6-484D-8474-45CC18050047}.Debug|x86.Build.0 = Debug|Any CPU
		{21016CF6-D7C6-484D-8474-45CC18050047}.Release|Any CPU.ActiveCfg = Release|Any CPU
		{21016CF6-D7C6-484D-8474-45CC18050047}.Release|Any CPU.Build.0 = Release|Any CPU
		{21016CF6-D7C6-484D-8474-45CC18050047}.Release|x86.ActiveCfg = Release|Any CPU
		{21016CF6-D7C6-484D-8474-45CC18050047}.Release|x86.Build.0 = Release|Any CPU
		{059B74F9-3D0B-4AB0-8B85-1768298B6896}.Debug|Any CPU.ActiveCfg = Debug|Any CPU
		{059B74F9-3D0B-4AB0-8B85-1768298B6896}.Debug|Any CPU.Build.0 = Debug|Any CPU
		{059B74F9-3D0B-4AB0-8B85-1768298B6896}.Debug|x86.ActiveCfg = Debug|Any CPU
		{059B74F9-3D0B-4AB0-8B85-1768298B6896}.Debug|x86.Build.0 = Debug|Any CPU
		{059B74F9-3D0B-4AB0-8B85-1768298B6896}.Release|Any CPU.ActiveCfg = Release|Any CPU
		{059B74F9-3D0B-4AB0-8B85-1768298B6896}.Release|Any CPU.Build.0 = Release|Any CPU
		{059B74F9-3D0B-4AB0-8B85-1768298B6896}.Release|x86.ActiveCfg = Release|Any CPU
		{059B74F9-3D0B-4AB0-8B85-1768298B6896}.Release|x86.Build.0 = Release|Any CPU
		{693BC30E-7AE5-41B1-8DEA-6448265FB47A}.Debug|Any CPU.ActiveCfg = Debug|Any CPU
		{693BC30E-7AE5-41B1-8DEA-6448265FB47A}.Debug|Any CPU.Build.0 = Debug|Any CPU
		{693BC30E-7AE5-41B1-8DEA-6448265FB47A}.Debug|x86.ActiveCfg = Debug|Any CPU
		{693BC30E-7AE5-41B1-8DEA-6448265FB47A}.Debug|x86.Build.0 = Debug|Any CPU
		{693BC30E-7AE5-41B1-8DEA-6448265FB47A}.Release|Any CPU.ActiveCfg = Release|Any CPU
		{693BC30E-7AE5-41B1-8DEA-6448265FB47A}.Release|Any CPU.Build.0 = Release|Any CPU
		{693BC30E-7AE5-41B1-8DEA-6448265FB47A}.Release|x86.ActiveCfg = Release|Any CPU
		{693BC30E-7AE5-41B1-8DEA-6448265FB47A}.Release|x86.Build.0 = Release|Any CPU
		{8C2CD0EE-49DB-4779-8208-14878C228D09}.Debug|Any CPU.ActiveCfg = Debug|Any CPU
		{8C2CD0EE-49DB-4779-8208-14878C228D09}.Debug|Any CPU.Build.0 = Debug|Any CPU
		{8C2CD0EE-49DB-4779-8208-14878C228D09}.Debug|x86.ActiveCfg = Debug|Any CPU
		{8C2CD0EE-49DB-4779-8208-14878C228D09}.Debug|x86.Build.0 = Debug|Any CPU
		{8C2CD0EE-49DB-4779-8208-14878C228D09}.Release|Any CPU.ActiveCfg = Release|Any CPU
		{8C2CD0EE-49DB-4779-8208-14878C228D09}.Release|Any CPU.Build.0 = Release|Any CPU
		{8C2CD0EE-49DB-4779-8208-14878C228D09}.Release|x86.ActiveCfg = Release|Any CPU
		{8C2CD0EE-49DB-4779-8208-14878C228D09}.Release|x86.Build.0 = Release|Any CPU
		{D5F870C3-48EB-4E6D-A908-955556F236C6}.Debug|Any CPU.ActiveCfg = Debug|Any CPU
		{D5F870C3-48EB-4E6D-A908-955556F236C6}.Debug|Any CPU.Build.0 = Debug|Any CPU
		{D5F870C3-48EB-4E6D-A908-955556F236C6}.Debug|x86.ActiveCfg = Debug|Any CPU
		{D5F870C3-48EB-4E6D-A908-955556F236C6}.Debug|x86.Build.0 = Debug|Any CPU
		{D5F870C3-48EB-4E6D-A908-955556F236C6}.Release|Any CPU.ActiveCfg = Release|Any CPU
		{D5F870C3-48EB-4E6D-A908-955556F236C6}.Release|Any CPU.Build.0 = Release|Any CPU
		{D5F870C3-48EB-4E6D-A908-955556F236C6}.Release|x86.ActiveCfg = Release|Any CPU
		{D5F870C3-48EB-4E6D-A908-955556F236C6}.Release|x86.Build.0 = Release|Any CPU
		{EAD4E3D9-B827-4871-8C94-22672892BCA3}.Debug|Any CPU.ActiveCfg = Debug|Any CPU
		{EAD4E3D9-B827-4871-8C94-22672892BCA3}.Debug|Any CPU.Build.0 = Debug|Any CPU
		{EAD4E3D9-B827-4871-8C94-22672892BCA3}.Debug|x86.ActiveCfg = Debug|Any CPU
		{EAD4E3D9-B827-4871-8C94-22672892BCA3}.Debug|x86.Build.0 = Debug|Any CPU
		{EAD4E3D9-B827-4871-8C94-22672892BCA3}.Release|Any CPU.ActiveCfg = Release|Any CPU
		{EAD4E3D9-B827-4871-8C94-22672892BCA3}.Release|Any CPU.Build.0 = Release|Any CPU
		{EAD4E3D9-B827-4871-8C94-22672892BCA3}.Release|x86.ActiveCfg = Release|Any CPU
		{EAD4E3D9-B827-4871-8C94-22672892BCA3}.Release|x86.Build.0 = Release|Any CPU
		{DE2B89B7-B7A4-443F-98C1-B2136DF54F34}.Debug|Any CPU.ActiveCfg = Debug|Any CPU
		{DE2B89B7-B7A4-443F-98C1-B2136DF54F34}.Debug|Any CPU.Build.0 = Debug|Any CPU
		{DE2B89B7-B7A4-443F-98C1-B2136DF54F34}.Debug|x86.ActiveCfg = Debug|Any CPU
		{DE2B89B7-B7A4-443F-98C1-B2136DF54F34}.Debug|x86.Build.0 = Debug|Any CPU
		{DE2B89B7-B7A4-443F-98C1-B2136DF54F34}.Release|Any CPU.ActiveCfg = Release|Any CPU
		{DE2B89B7-B7A4-443F-98C1-B2136DF54F34}.Release|Any CPU.Build.0 = Release|Any CPU
		{DE2B89B7-B7A4-443F-98C1-B2136DF54F34}.Release|x86.ActiveCfg = Release|Any CPU
		{DE2B89B7-B7A4-443F-98C1-B2136DF54F34}.Release|x86.Build.0 = Release|Any CPU
		{14E116E5-3DF4-4A7F-B262-EF845E2B5E51}.Debug|Any CPU.ActiveCfg = Debug|Any CPU
		{14E116E5-3DF4-4A7F-B262-EF845E2B5E51}.Debug|Any CPU.Build.0 = Debug|Any CPU
		{14E116E5-3DF4-4A7F-B262-EF845E2B5E51}.Debug|x86.ActiveCfg = Debug|Any CPU
		{14E116E5-3DF4-4A7F-B262-EF845E2B5E51}.Debug|x86.Build.0 = Debug|Any CPU
		{14E116E5-3DF4-4A7F-B262-EF845E2B5E51}.Release|Any CPU.ActiveCfg = Release|Any CPU
		{14E116E5-3DF4-4A7F-B262-EF845E2B5E51}.Release|Any CPU.Build.0 = Release|Any CPU
		{14E116E5-3DF4-4A7F-B262-EF845E2B5E51}.Release|x86.ActiveCfg = Release|Any CPU
		{14E116E5-3DF4-4A7F-B262-EF845E2B5E51}.Release|x86.Build.0 = Release|Any CPU
		{011C9929-E40E-4E6C-919A-3C62382A8A6A}.Debug|Any CPU.ActiveCfg = Debug|Any CPU
		{011C9929-E40E-4E6C-919A-3C62382A8A6A}.Debug|Any CPU.Build.0 = Debug|Any CPU
		{011C9929-E40E-4E6C-919A-3C62382A8A6A}.Debug|x86.ActiveCfg = Debug|Any CPU
		{011C9929-E40E-4E6C-919A-3C62382A8A6A}.Debug|x86.Build.0 = Debug|Any CPU
		{011C9929-E40E-4E6C-919A-3C62382A8A6A}.Release|Any CPU.ActiveCfg = Release|Any CPU
		{011C9929-E40E-4E6C-919A-3C62382A8A6A}.Release|Any CPU.Build.0 = Release|Any CPU
		{011C9929-E40E-4E6C-919A-3C62382A8A6A}.Release|x86.ActiveCfg = Release|Any CPU
		{011C9929-E40E-4E6C-919A-3C62382A8A6A}.Release|x86.Build.0 = Release|Any CPU
		{38D30FF8-55D8-4C8D-9094-701BA0A2338B}.Debug|Any CPU.ActiveCfg = Debug|Any CPU
		{38D30FF8-55D8-4C8D-9094-701BA0A2338B}.Debug|Any CPU.Build.0 = Debug|Any CPU
		{38D30FF8-55D8-4C8D-9094-701BA0A2338B}.Debug|x86.ActiveCfg = Debug|Any CPU
		{38D30FF8-55D8-4C8D-9094-701BA0A2338B}.Debug|x86.Build.0 = Debug|Any CPU
		{38D30FF8-55D8-4C8D-9094-701BA0A2338B}.Release|Any CPU.ActiveCfg = Release|Any CPU
		{38D30FF8-55D8-4C8D-9094-701BA0A2338B}.Release|Any CPU.Build.0 = Release|Any CPU
		{38D30FF8-55D8-4C8D-9094-701BA0A2338B}.Release|x86.ActiveCfg = Release|Any CPU
		{38D30FF8-55D8-4C8D-9094-701BA0A2338B}.Release|x86.Build.0 = Release|Any CPU
		{E94AD573-074E-4B23-890E-A40B8FA5FCDE}.Debug|Any CPU.ActiveCfg = Debug|Any CPU
		{E94AD573-074E-4B23-890E-A40B8FA5FCDE}.Debug|Any CPU.Build.0 = Debug|Any CPU
		{E94AD573-074E-4B23-890E-A40B8FA5FCDE}.Debug|x86.ActiveCfg = Debug|Any CPU
		{E94AD573-074E-4B23-890E-A40B8FA5FCDE}.Debug|x86.Build.0 = Debug|Any CPU
		{E94AD573-074E-4B23-890E-A40B8FA5FCDE}.Release|Any CPU.ActiveCfg = Release|Any CPU
		{E94AD573-074E-4B23-890E-A40B8FA5FCDE}.Release|Any CPU.Build.0 = Release|Any CPU
		{E94AD573-074E-4B23-890E-A40B8FA5FCDE}.Release|x86.ActiveCfg = Release|Any CPU
		{E94AD573-074E-4B23-890E-A40B8FA5FCDE}.Release|x86.Build.0 = Release|Any CPU
		{429C739A-F59C-4B2D-8695-302929A032EE}.Debug|Any CPU.ActiveCfg = Debug|Any CPU
		{429C739A-F59C-4B2D-8695-302929A032EE}.Debug|Any CPU.Build.0 = Debug|Any CPU
		{429C739A-F59C-4B2D-8695-302929A032EE}.Debug|x86.ActiveCfg = Debug|Any CPU
		{429C739A-F59C-4B2D-8695-302929A032EE}.Debug|x86.Build.0 = Debug|Any CPU
		{429C739A-F59C-4B2D-8695-302929A032EE}.Release|Any CPU.ActiveCfg = Release|Any CPU
		{429C739A-F59C-4B2D-8695-302929A032EE}.Release|Any CPU.Build.0 = Release|Any CPU
		{429C739A-F59C-4B2D-8695-302929A032EE}.Release|x86.ActiveCfg = Release|Any CPU
		{429C739A-F59C-4B2D-8695-302929A032EE}.Release|x86.Build.0 = Release|Any CPU
		{4E4E5656-7119-4564-AF60-DA40BE3C947E}.Debug|Any CPU.ActiveCfg = Debug|Any CPU
		{4E4E5656-7119-4564-AF60-DA40BE3C947E}.Debug|Any CPU.Build.0 = Debug|Any CPU
		{4E4E5656-7119-4564-AF60-DA40BE3C947E}.Debug|x86.ActiveCfg = Debug|Any CPU
		{4E4E5656-7119-4564-AF60-DA40BE3C947E}.Debug|x86.Build.0 = Debug|Any CPU
		{4E4E5656-7119-4564-AF60-DA40BE3C947E}.Release|Any CPU.ActiveCfg = Release|Any CPU
		{4E4E5656-7119-4564-AF60-DA40BE3C947E}.Release|Any CPU.Build.0 = Release|Any CPU
		{4E4E5656-7119-4564-AF60-DA40BE3C947E}.Release|x86.ActiveCfg = Release|Any CPU
		{4E4E5656-7119-4564-AF60-DA40BE3C947E}.Release|x86.Build.0 = Release|Any CPU
		{76DA29E6-0CB6-4DA4-9C4F-57346E36FC62}.Debug|Any CPU.ActiveCfg = Debug|Any CPU
		{76DA29E6-0CB6-4DA4-9C4F-57346E36FC62}.Debug|Any CPU.Build.0 = Debug|Any CPU
		{76DA29E6-0CB6-4DA4-9C4F-57346E36FC62}.Debug|x86.ActiveCfg = Debug|Any CPU
		{76DA29E6-0CB6-4DA4-9C4F-57346E36FC62}.Debug|x86.Build.0 = Debug|Any CPU
		{76DA29E6-0CB6-4DA4-9C4F-57346E36FC62}.Release|Any CPU.ActiveCfg = Release|Any CPU
		{76DA29E6-0CB6-4DA4-9C4F-57346E36FC62}.Release|Any CPU.Build.0 = Release|Any CPU
		{76DA29E6-0CB6-4DA4-9C4F-57346E36FC62}.Release|x86.ActiveCfg = Release|Any CPU
		{76DA29E6-0CB6-4DA4-9C4F-57346E36FC62}.Release|x86.Build.0 = Release|Any CPU
		{ECD96804-CD78-468E-BC13-576FFAC6B514}.Debug|Any CPU.ActiveCfg = Debug|Any CPU
		{ECD96804-CD78-468E-BC13-576FFAC6B514}.Debug|Any CPU.Build.0 = Debug|Any CPU
		{ECD96804-CD78-468E-BC13-576FFAC6B514}.Debug|x86.ActiveCfg = Debug|Any CPU
		{ECD96804-CD78-468E-BC13-576FFAC6B514}.Debug|x86.Build.0 = Debug|Any CPU
		{ECD96804-CD78-468E-BC13-576FFAC6B514}.Release|Any CPU.ActiveCfg = Release|Any CPU
		{ECD96804-CD78-468E-BC13-576FFAC6B514}.Release|Any CPU.Build.0 = Release|Any CPU
		{ECD96804-CD78-468E-BC13-576FFAC6B514}.Release|x86.ActiveCfg = Release|Any CPU
		{ECD96804-CD78-468E-BC13-576FFAC6B514}.Release|x86.Build.0 = Release|Any CPU
		{3CF349F1-8952-4B7B-9962-2BAA43BF7799}.Debug|Any CPU.ActiveCfg = Debug|Any CPU
		{3CF349F1-8952-4B7B-9962-2BAA43BF7799}.Debug|Any CPU.Build.0 = Debug|Any CPU
		{3CF349F1-8952-4B7B-9962-2BAA43BF7799}.Debug|x86.ActiveCfg = Debug|Any CPU
		{3CF349F1-8952-4B7B-9962-2BAA43BF7799}.Debug|x86.Build.0 = Debug|Any CPU
		{3CF349F1-8952-4B7B-9962-2BAA43BF7799}.Release|Any CPU.ActiveCfg = Release|Any CPU
		{3CF349F1-8952-4B7B-9962-2BAA43BF7799}.Release|Any CPU.Build.0 = Release|Any CPU
		{3CF349F1-8952-4B7B-9962-2BAA43BF7799}.Release|x86.ActiveCfg = Release|Any CPU
		{3CF349F1-8952-4B7B-9962-2BAA43BF7799}.Release|x86.Build.0 = Release|Any CPU
		{5DFFBC55-C4F0-4FC2-85F0-ACEF81435DB5}.Debug|Any CPU.ActiveCfg = Debug|Any CPU
		{5DFFBC55-C4F0-4FC2-85F0-ACEF81435DB5}.Debug|Any CPU.Build.0 = Debug|Any CPU
		{5DFFBC55-C4F0-4FC2-85F0-ACEF81435DB5}.Debug|x86.ActiveCfg = Debug|Any CPU
		{5DFFBC55-C4F0-4FC2-85F0-ACEF81435DB5}.Debug|x86.Build.0 = Debug|Any CPU
		{5DFFBC55-C4F0-4FC2-85F0-ACEF81435DB5}.Release|Any CPU.ActiveCfg = Release|Any CPU
		{5DFFBC55-C4F0-4FC2-85F0-ACEF81435DB5}.Release|Any CPU.Build.0 = Release|Any CPU
		{5DFFBC55-C4F0-4FC2-85F0-ACEF81435DB5}.Release|x86.ActiveCfg = Release|Any CPU
		{5DFFBC55-C4F0-4FC2-85F0-ACEF81435DB5}.Release|x86.Build.0 = Release|Any CPU
		{5C2BD224-78ED-4B5C-A795-865C29B0A3C3}.Debug|Any CPU.ActiveCfg = Debug|Any CPU
		{5C2BD224-78ED-4B5C-A795-865C29B0A3C3}.Debug|Any CPU.Build.0 = Debug|Any CPU
		{5C2BD224-78ED-4B5C-A795-865C29B0A3C3}.Debug|x86.ActiveCfg = Debug|Any CPU
		{5C2BD224-78ED-4B5C-A795-865C29B0A3C3}.Debug|x86.Build.0 = Debug|Any CPU
		{5C2BD224-78ED-4B5C-A795-865C29B0A3C3}.Release|Any CPU.ActiveCfg = Release|Any CPU
		{5C2BD224-78ED-4B5C-A795-865C29B0A3C3}.Release|Any CPU.Build.0 = Release|Any CPU
		{5C2BD224-78ED-4B5C-A795-865C29B0A3C3}.Release|x86.ActiveCfg = Release|Any CPU
		{5C2BD224-78ED-4B5C-A795-865C29B0A3C3}.Release|x86.Build.0 = Release|Any CPU
		{4C83B149-7F87-4D10-87DA-D0CE9549A403}.Debug|Any CPU.ActiveCfg = Debug|Any CPU
		{4C83B149-7F87-4D10-87DA-D0CE9549A403}.Debug|Any CPU.Build.0 = Debug|Any CPU
		{4C83B149-7F87-4D10-87DA-D0CE9549A403}.Debug|x86.ActiveCfg = Debug|Any CPU
		{4C83B149-7F87-4D10-87DA-D0CE9549A403}.Debug|x86.Build.0 = Debug|Any CPU
		{4C83B149-7F87-4D10-87DA-D0CE9549A403}.Release|Any CPU.ActiveCfg = Release|Any CPU
		{4C83B149-7F87-4D10-87DA-D0CE9549A403}.Release|Any CPU.Build.0 = Release|Any CPU
		{4C83B149-7F87-4D10-87DA-D0CE9549A403}.Release|x86.ActiveCfg = Release|Any CPU
		{4C83B149-7F87-4D10-87DA-D0CE9549A403}.Release|x86.Build.0 = Release|Any CPU
		{93D126F0-41E3-47A7-8D63-E1F80FEF9715}.Debug|Any CPU.ActiveCfg = Debug|Any CPU
		{93D126F0-41E3-47A7-8D63-E1F80FEF9715}.Debug|Any CPU.Build.0 = Debug|Any CPU
		{93D126F0-41E3-47A7-8D63-E1F80FEF9715}.Debug|x86.ActiveCfg = Debug|Any CPU
		{93D126F0-41E3-47A7-8D63-E1F80FEF9715}.Debug|x86.Build.0 = Debug|Any CPU
		{93D126F0-41E3-47A7-8D63-E1F80FEF9715}.Release|Any CPU.ActiveCfg = Release|Any CPU
		{93D126F0-41E3-47A7-8D63-E1F80FEF9715}.Release|Any CPU.Build.0 = Release|Any CPU
		{93D126F0-41E3-47A7-8D63-E1F80FEF9715}.Release|x86.ActiveCfg = Release|Any CPU
		{93D126F0-41E3-47A7-8D63-E1F80FEF9715}.Release|x86.Build.0 = Release|Any CPU
		{1ECA24B7-57C1-46BA-9C2A-C079E5B365E5}.Debug|Any CPU.ActiveCfg = Debug|Any CPU
		{1ECA24B7-57C1-46BA-9C2A-C079E5B365E5}.Debug|Any CPU.Build.0 = Debug|Any CPU
		{1ECA24B7-57C1-46BA-9C2A-C079E5B365E5}.Debug|x86.ActiveCfg = Debug|Any CPU
		{1ECA24B7-57C1-46BA-9C2A-C079E5B365E5}.Debug|x86.Build.0 = Debug|Any CPU
		{1ECA24B7-57C1-46BA-9C2A-C079E5B365E5}.Release|Any CPU.ActiveCfg = Release|Any CPU
		{1ECA24B7-57C1-46BA-9C2A-C079E5B365E5}.Release|Any CPU.Build.0 = Release|Any CPU
		{1ECA24B7-57C1-46BA-9C2A-C079E5B365E5}.Release|x86.ActiveCfg = Release|Any CPU
		{1ECA24B7-57C1-46BA-9C2A-C079E5B365E5}.Release|x86.Build.0 = Release|Any CPU
		{F802A363-EAB4-49AC-916D-79014D08CB53}.Debug|Any CPU.ActiveCfg = Debug|Any CPU
		{F802A363-EAB4-49AC-916D-79014D08CB53}.Debug|Any CPU.Build.0 = Debug|Any CPU
		{F802A363-EAB4-49AC-916D-79014D08CB53}.Debug|x86.ActiveCfg = Debug|Any CPU
		{F802A363-EAB4-49AC-916D-79014D08CB53}.Debug|x86.Build.0 = Debug|Any CPU
		{F802A363-EAB4-49AC-916D-79014D08CB53}.Release|Any CPU.ActiveCfg = Release|Any CPU
		{F802A363-EAB4-49AC-916D-79014D08CB53}.Release|Any CPU.Build.0 = Release|Any CPU
		{F802A363-EAB4-49AC-916D-79014D08CB53}.Release|x86.ActiveCfg = Release|Any CPU
		{F802A363-EAB4-49AC-916D-79014D08CB53}.Release|x86.Build.0 = Release|Any CPU
		{7852EE65-BCBD-4882-B552-2A187050EF8D}.Debug|Any CPU.ActiveCfg = Debug|Any CPU
		{7852EE65-BCBD-4882-B552-2A187050EF8D}.Debug|Any CPU.Build.0 = Debug|Any CPU
		{7852EE65-BCBD-4882-B552-2A187050EF8D}.Debug|x86.ActiveCfg = Debug|Any CPU
		{7852EE65-BCBD-4882-B552-2A187050EF8D}.Debug|x86.Build.0 = Debug|Any CPU
		{7852EE65-BCBD-4882-B552-2A187050EF8D}.Release|Any CPU.ActiveCfg = Release|Any CPU
		{7852EE65-BCBD-4882-B552-2A187050EF8D}.Release|Any CPU.Build.0 = Release|Any CPU
		{7852EE65-BCBD-4882-B552-2A187050EF8D}.Release|x86.ActiveCfg = Release|Any CPU
		{7852EE65-BCBD-4882-B552-2A187050EF8D}.Release|x86.Build.0 = Release|Any CPU
		{CDADCB3F-6B36-4F5A-AAA1-CB65F2AE0274}.Debug|Any CPU.ActiveCfg = Debug|Any CPU
		{CDADCB3F-6B36-4F5A-AAA1-CB65F2AE0274}.Debug|Any CPU.Build.0 = Debug|Any CPU
		{CDADCB3F-6B36-4F5A-AAA1-CB65F2AE0274}.Debug|x86.ActiveCfg = Debug|Any CPU
		{CDADCB3F-6B36-4F5A-AAA1-CB65F2AE0274}.Debug|x86.Build.0 = Debug|Any CPU
		{CDADCB3F-6B36-4F5A-AAA1-CB65F2AE0274}.Release|Any CPU.ActiveCfg = Release|Any CPU
		{CDADCB3F-6B36-4F5A-AAA1-CB65F2AE0274}.Release|Any CPU.Build.0 = Release|Any CPU
		{CDADCB3F-6B36-4F5A-AAA1-CB65F2AE0274}.Release|x86.ActiveCfg = Release|Any CPU
		{CDADCB3F-6B36-4F5A-AAA1-CB65F2AE0274}.Release|x86.Build.0 = Release|Any CPU
		{08ABCC7C-0667-45D0-98B1-87B0505CC9ED}.Debug|Any CPU.ActiveCfg = Debug|Any CPU
		{08ABCC7C-0667-45D0-98B1-87B0505CC9ED}.Debug|Any CPU.Build.0 = Debug|Any CPU
		{08ABCC7C-0667-45D0-98B1-87B0505CC9ED}.Debug|x86.ActiveCfg = Debug|Any CPU
		{08ABCC7C-0667-45D0-98B1-87B0505CC9ED}.Debug|x86.Build.0 = Debug|Any CPU
		{08ABCC7C-0667-45D0-98B1-87B0505CC9ED}.Release|Any CPU.ActiveCfg = Release|Any CPU
		{08ABCC7C-0667-45D0-98B1-87B0505CC9ED}.Release|Any CPU.Build.0 = Release|Any CPU
		{08ABCC7C-0667-45D0-98B1-87B0505CC9ED}.Release|x86.ActiveCfg = Release|Any CPU
		{08ABCC7C-0667-45D0-98B1-87B0505CC9ED}.Release|x86.Build.0 = Release|Any CPU
		{AEA4F545-303B-49D4-B004-D35A89ACA1E0}.Debug|Any CPU.ActiveCfg = Debug|Any CPU
		{AEA4F545-303B-49D4-B004-D35A89ACA1E0}.Debug|Any CPU.Build.0 = Debug|Any CPU
		{AEA4F545-303B-49D4-B004-D35A89ACA1E0}.Debug|x86.ActiveCfg = Debug|Any CPU
		{AEA4F545-303B-49D4-B004-D35A89ACA1E0}.Debug|x86.Build.0 = Debug|Any CPU
		{AEA4F545-303B-49D4-B004-D35A89ACA1E0}.Release|Any CPU.ActiveCfg = Release|Any CPU
		{AEA4F545-303B-49D4-B004-D35A89ACA1E0}.Release|Any CPU.Build.0 = Release|Any CPU
		{AEA4F545-303B-49D4-B004-D35A89ACA1E0}.Release|x86.ActiveCfg = Release|Any CPU
		{AEA4F545-303B-49D4-B004-D35A89ACA1E0}.Release|x86.Build.0 = Release|Any CPU
		{83A09AA8-B380-4330-B40D-3DAE8F7CF662}.Debug|Any CPU.ActiveCfg = Debug|Any CPU
		{83A09AA8-B380-4330-B40D-3DAE8F7CF662}.Debug|Any CPU.Build.0 = Debug|Any CPU
		{83A09AA8-B380-4330-B40D-3DAE8F7CF662}.Debug|x86.ActiveCfg = Debug|Any CPU
		{83A09AA8-B380-4330-B40D-3DAE8F7CF662}.Debug|x86.Build.0 = Debug|Any CPU
		{83A09AA8-B380-4330-B40D-3DAE8F7CF662}.Release|Any CPU.ActiveCfg = Release|Any CPU
		{83A09AA8-B380-4330-B40D-3DAE8F7CF662}.Release|Any CPU.Build.0 = Release|Any CPU
		{83A09AA8-B380-4330-B40D-3DAE8F7CF662}.Release|x86.ActiveCfg = Release|Any CPU
		{83A09AA8-B380-4330-B40D-3DAE8F7CF662}.Release|x86.Build.0 = Release|Any CPU
		{AB50F78D-93A5-4B4A-A9AF-1FBBFAE7293F}.Debug|Any CPU.ActiveCfg = Debug|Any CPU
		{AB50F78D-93A5-4B4A-A9AF-1FBBFAE7293F}.Debug|Any CPU.Build.0 = Debug|Any CPU
		{AB50F78D-93A5-4B4A-A9AF-1FBBFAE7293F}.Debug|x86.ActiveCfg = Debug|Any CPU
		{AB50F78D-93A5-4B4A-A9AF-1FBBFAE7293F}.Debug|x86.Build.0 = Debug|Any CPU
		{AB50F78D-93A5-4B4A-A9AF-1FBBFAE7293F}.Release|Any CPU.ActiveCfg = Release|Any CPU
		{AB50F78D-93A5-4B4A-A9AF-1FBBFAE7293F}.Release|Any CPU.Build.0 = Release|Any CPU
		{AB50F78D-93A5-4B4A-A9AF-1FBBFAE7293F}.Release|x86.ActiveCfg = Release|Any CPU
		{AB50F78D-93A5-4B4A-A9AF-1FBBFAE7293F}.Release|x86.Build.0 = Release|Any CPU
		{DD9A6B16-E90F-401B-9CA3-3490BBF55145}.Debug|Any CPU.ActiveCfg = Debug|Any CPU
		{DD9A6B16-E90F-401B-9CA3-3490BBF55145}.Debug|Any CPU.Build.0 = Debug|Any CPU
		{DD9A6B16-E90F-401B-9CA3-3490BBF55145}.Debug|x86.ActiveCfg = Debug|Any CPU
		{DD9A6B16-E90F-401B-9CA3-3490BBF55145}.Debug|x86.Build.0 = Debug|Any CPU
		{DD9A6B16-E90F-401B-9CA3-3490BBF55145}.Release|Any CPU.ActiveCfg = Release|Any CPU
		{DD9A6B16-E90F-401B-9CA3-3490BBF55145}.Release|Any CPU.Build.0 = Release|Any CPU
		{DD9A6B16-E90F-401B-9CA3-3490BBF55145}.Release|x86.ActiveCfg = Release|Any CPU
		{DD9A6B16-E90F-401B-9CA3-3490BBF55145}.Release|x86.Build.0 = Release|Any CPU
		{968C109D-1E80-45AF-9B15-B452910F6CA6}.Debug|Any CPU.ActiveCfg = Debug|Any CPU
		{968C109D-1E80-45AF-9B15-B452910F6CA6}.Debug|Any CPU.Build.0 = Debug|Any CPU
		{968C109D-1E80-45AF-9B15-B452910F6CA6}.Debug|x86.ActiveCfg = Debug|Any CPU
		{968C109D-1E80-45AF-9B15-B452910F6CA6}.Debug|x86.Build.0 = Debug|Any CPU
		{968C109D-1E80-45AF-9B15-B452910F6CA6}.Release|Any CPU.ActiveCfg = Release|Any CPU
		{968C109D-1E80-45AF-9B15-B452910F6CA6}.Release|Any CPU.Build.0 = Release|Any CPU
		{968C109D-1E80-45AF-9B15-B452910F6CA6}.Release|x86.ActiveCfg = Release|Any CPU
		{968C109D-1E80-45AF-9B15-B452910F6CA6}.Release|x86.Build.0 = Release|Any CPU
		{81F83F7A-B443-469E-819D-421D6646168B}.Debug|Any CPU.ActiveCfg = Debug|Any CPU
		{81F83F7A-B443-469E-819D-421D6646168B}.Debug|Any CPU.Build.0 = Debug|Any CPU
		{81F83F7A-B443-469E-819D-421D6646168B}.Debug|x86.ActiveCfg = Debug|Any CPU
		{81F83F7A-B443-469E-819D-421D6646168B}.Debug|x86.Build.0 = Debug|Any CPU
		{81F83F7A-B443-469E-819D-421D6646168B}.Release|Any CPU.ActiveCfg = Release|Any CPU
		{81F83F7A-B443-469E-819D-421D6646168B}.Release|Any CPU.Build.0 = Release|Any CPU
		{81F83F7A-B443-469E-819D-421D6646168B}.Release|x86.ActiveCfg = Release|Any CPU
		{81F83F7A-B443-469E-819D-421D6646168B}.Release|x86.Build.0 = Release|Any CPU
		{0985D4DA-2393-4800-96E8-AA4AA245A919}.Debug|Any CPU.ActiveCfg = Debug|Any CPU
		{0985D4DA-2393-4800-96E8-AA4AA245A919}.Debug|Any CPU.Build.0 = Debug|Any CPU
		{0985D4DA-2393-4800-96E8-AA4AA245A919}.Debug|x86.ActiveCfg = Debug|Any CPU
		{0985D4DA-2393-4800-96E8-AA4AA245A919}.Debug|x86.Build.0 = Debug|Any CPU
		{0985D4DA-2393-4800-96E8-AA4AA245A919}.Release|Any CPU.ActiveCfg = Release|Any CPU
		{0985D4DA-2393-4800-96E8-AA4AA245A919}.Release|Any CPU.Build.0 = Release|Any CPU
		{0985D4DA-2393-4800-96E8-AA4AA245A919}.Release|x86.ActiveCfg = Release|Any CPU
		{0985D4DA-2393-4800-96E8-AA4AA245A919}.Release|x86.Build.0 = Release|Any CPU
	EndGlobalSection
	GlobalSection(SolutionProperties) = preSolution
		HideSolutionNode = FALSE
	EndGlobalSection
	GlobalSection(NestedProjects) = preSolution
		{C173FF8B-D12A-49F2-BE8F-B4E06D3CA24D} = {CDD6EB46-A0C6-44A5-89F9-CE51D1AD58F7}
		{2C2807D4-8FC0-4A09-9F1B-8446C5062E15} = {CDD6EB46-A0C6-44A5-89F9-CE51D1AD58F7}
		{11C6780D-5A1C-4A84-B816-3791E268B01B} = {CDD6EB46-A0C6-44A5-89F9-CE51D1AD58F7}
		{51D5F227-8F87-4E7B-A4E9-A49C75685AC5} = {CDD6EB46-A0C6-44A5-89F9-CE51D1AD58F7}
		{33A3BFF0-4ED7-4383-941A-ED85D93361B3} = {CDD6EB46-A0C6-44A5-89F9-CE51D1AD58F7}
		{7CC3C6FE-C5FF-4EC0-9DF6-AAD69E894C74} = {776DAE37-89A2-450D-AEFE-ED5F6F373F04}
		{7414D9CE-75FD-42F4-9603-9A50BFBCF4DA} = {CDD6EB46-A0C6-44A5-89F9-CE51D1AD58F7}
		{E743AD21-A825-4BE3-BE38-286B065A3797} = {CDD6EB46-A0C6-44A5-89F9-CE51D1AD58F7}
		{086C1069-6771-4AE1-99E6-70614DC41D6A} = {776DAE37-89A2-450D-AEFE-ED5F6F373F04}
		{835F0E63-7E3E-4203-9349-651BF541254D} = {CDD6EB46-A0C6-44A5-89F9-CE51D1AD58F7}
		{C66CD57E-214C-42B7-8CEC-D75FDD03237E} = {CDD6EB46-A0C6-44A5-89F9-CE51D1AD58F7}
		{A7E8EA16-DBF1-4462-BEB8-6B807B7BE40D} = {CDD6EB46-A0C6-44A5-89F9-CE51D1AD58F7}
		{C6108B9B-74C9-4372-8D65-694F65E96320} = {CDD6EB46-A0C6-44A5-89F9-CE51D1AD58F7}
		{A51F87C9-884D-4286-8728-FE5E373FA701} = {FFCB4DF8-13B6-4C3E-8393-00C755B6E210}
		{21016CF6-D7C6-484D-8474-45CC18050047} = {C901CE94-9C34-4759-9A13-99E8F4C0B031}
		{059B74F9-3D0B-4AB0-8B85-1768298B6896} = {CDD6EB46-A0C6-44A5-89F9-CE51D1AD58F7}
		{693BC30E-7AE5-41B1-8DEA-6448265FB47A} = {C901CE94-9C34-4759-9A13-99E8F4C0B031}
		{8C2CD0EE-49DB-4779-8208-14878C228D09} = {C901CE94-9C34-4759-9A13-99E8F4C0B031}
		{D5F870C3-48EB-4E6D-A908-955556F236C6} = {1179EE0D-49C1-4D58-A111-40EC049EBAE5}
		{EAD4E3D9-B827-4871-8C94-22672892BCA3} = {CDD6EB46-A0C6-44A5-89F9-CE51D1AD58F7}
		{DE2B89B7-B7A4-443F-98C1-B2136DF54F34} = {1179EE0D-49C1-4D58-A111-40EC049EBAE5}
		{14E116E5-3DF4-4A7F-B262-EF845E2B5E51} = {1179EE0D-49C1-4D58-A111-40EC049EBAE5}
		{011C9929-E40E-4E6C-919A-3C62382A8A6A} = {1179EE0D-49C1-4D58-A111-40EC049EBAE5}
		{38D30FF8-55D8-4C8D-9094-701BA0A2338B} = {1179EE0D-49C1-4D58-A111-40EC049EBAE5}
		{E94AD573-074E-4B23-890E-A40B8FA5FCDE} = {CDD6EB46-A0C6-44A5-89F9-CE51D1AD58F7}
		{429C739A-F59C-4B2D-8695-302929A032EE} = {CDD6EB46-A0C6-44A5-89F9-CE51D1AD58F7}
		{4E4E5656-7119-4564-AF60-DA40BE3C947E} = {CDD6EB46-A0C6-44A5-89F9-CE51D1AD58F7}
		{76DA29E6-0CB6-4DA4-9C4F-57346E36FC62} = {CDD6EB46-A0C6-44A5-89F9-CE51D1AD58F7}
		{ECD96804-CD78-468E-BC13-576FFAC6B514} = {C901CE94-9C34-4759-9A13-99E8F4C0B031}
		{3CF349F1-8952-4B7B-9962-2BAA43BF7799} = {684FB84E-9765-4FC7-B547-57826D284838}
		{5DFFBC55-C4F0-4FC2-85F0-ACEF81435DB5} = {FFCB4DF8-13B6-4C3E-8393-00C755B6E210}
		{5C2BD224-78ED-4B5C-A795-865C29B0A3C3} = {1179EE0D-49C1-4D58-A111-40EC049EBAE5}
		{1ECA24B7-57C1-46BA-9C2A-C079E5B365E5} = {C901CE94-9C34-4759-9A13-99E8F4C0B031}
		{684FB84E-9765-4FC7-B547-57826D284838} = {CDD6EB46-A0C6-44A5-89F9-CE51D1AD58F7}
		{F802A363-EAB4-49AC-916D-79014D08CB53} = {684FB84E-9765-4FC7-B547-57826D284838}
		{7852EE65-BCBD-4882-B552-2A187050EF8D} = {684FB84E-9765-4FC7-B547-57826D284838}
		{CDADCB3F-6B36-4F5A-AAA1-CB65F2AE0274} = {FFCB4DF8-13B6-4C3E-8393-00C755B6E210}
		{08ABCC7C-0667-45D0-98B1-87B0505CC9ED} = {415B52F2-5ABD-43DE-B27B-DE57784E5398}
		{AEA4F545-303B-49D4-B004-D35A89ACA1E0} = {A1290140-D7C8-4A1C-82EF-AC3BE67C0F73}
		{83A09AA8-B380-4330-B40D-3DAE8F7CF662} = {415B52F2-5ABD-43DE-B27B-DE57784E5398}
		{AB50F78D-93A5-4B4A-A9AF-1FBBFAE7293F} = {415B52F2-5ABD-43DE-B27B-DE57784E5398}
		{DD9A6B16-E90F-401B-9CA3-3490BBF55145} = {CDD6EB46-A0C6-44A5-89F9-CE51D1AD58F7}
		{968C109D-1E80-45AF-9B15-B452910F6CA6} = {CDD6EB46-A0C6-44A5-89F9-CE51D1AD58F7}
		{81F83F7A-B443-469E-819D-421D6646168B} = {776DAE37-89A2-450D-AEFE-ED5F6F373F04}
		{0985D4DA-2393-4800-96E8-AA4AA245A919} = {CDD6EB46-A0C6-44A5-89F9-CE51D1AD58F7}
	EndGlobalSection
	GlobalSection(ExtensibilityGlobals) = postSolution
		SolutionGuid = {7A34D033-9089-49C1-90EE-9A0FF6585A34}
	EndGlobalSection
EndGlobal
